
Microsoft Visual Studio Solution File, Format Version 12.00
# Visual Studio 15
VisualStudioVersion = 15.0.26124.0
MinimumVisualStudioVersion = 15.0.26124.0
Project("{FAE04EC0-301F-11D3-BF4B-00C04F79EFBC}") = "DapperRest.Api", "DapperRest.Api\DapperRest.Api.csproj", "{BEC2B894-E749-4A54-A654-33DAE1EC8595}"
EndProject
Global
	GlobalSection(SolutionConfigurationPlatforms) = preSolution
		Debug|Any CPU = Debug|Any CPU
		Debug|x64 = Debug|x64
		Debug|x86 = Debug|x86
		Release|Any CPU = Release|Any CPU
		Release|x64 = Release|x64
		Release|x86 = Release|x86
	EndGlobalSection
	GlobalSection(SolutionProperties) = preSolution
		HideSolutionNode = FALSE
	EndGlobalSection
	GlobalSection(ProjectConfigurationPlatforms) = postSolution
		{BEC2B894-E749-4A54-A654-33DAE1EC8595}.Debug|Any CPU.ActiveCfg = Debug|Any CPU
		{BEC2B894-E749-4A54-A654-33DAE1EC8595}.Debug|Any CPU.Build.0 = Debug|Any CPU
		{BEC2B894-E749-4A54-A654-33DAE1EC8595}.Debug|x64.ActiveCfg = Debug|Any CPU
		{BEC2B894-E749-4A54-A654-33DAE1EC8595}.Debug|x64.Build.0 = Debug|Any CPU
		{BEC2B894-E749-4A54-A654-33DAE1EC8595}.Debug|x86.ActiveCfg = Debug|Any CPU
		{BEC2B894-E749-4A54-A654-33DAE1EC8595}.Debug|x86.Build.0 = Debug|Any CPU
		{BEC2B894-E749-4A54-A654-33DAE1EC8595}.Release|Any CPU.ActiveCfg = Release|Any CPU
		{BEC2B894-E749-4A54-A654-33DAE1EC8595}.Release|Any CPU.Build.0 = Release|Any CPU
		{BEC2B894-E749-4A54-A654-33DAE1EC8595}.Release|x64.ActiveCfg = Release|Any CPU
		{BEC2B894-E749-4A54-A654-33DAE1EC8595}.Release|x64.Build.0 = Release|Any CPU
		{BEC2B894-E749-4A54-A654-33DAE1EC8595}.Release|x86.ActiveCfg = Release|Any CPU
		{BEC2B894-E749-4A54-A654-33DAE1EC8595}.Release|x86.Build.0 = Release|Any CPU
	EndGlobalSection
EndGlobal
